
Microsoft Visual Studio Solution File, Format Version 12.00
# Visual Studio Version 17
VisualStudioVersion = 17.3.32901.215
MinimumVisualStudioVersion = 10.0.40219.1
Project("{FAE04EC0-301F-11D3-BF4B-00C04F79EFBC}") = "daniel_tests", "daniel_tests\daniel_tests.csproj", "{0B7512A5-1B96-409C-A235-6DC9A8D2553D}"
EndProject
Global
	GlobalSection(SolutionConfigurationPlatforms) = preSolution
		Debug|Any CPU = Debug|Any CPU
		Release|Any CPU = Release|Any CPU
	EndGlobalSection
	GlobalSection(ProjectConfigurationPlatforms) = postSolution
		{0B7512A5-1B96-409C-A235-6DC9A8D2553D}.Debug|Any CPU.ActiveCfg = Debug|Any CPU
		{0B7512A5-1B96-409C-A235-6DC9A8D2553D}.Debug|Any CPU.Build.0 = Debug|Any CPU
		{0B7512A5-1B96-409C-A235-6DC9A8D2553D}.Release|Any CPU.ActiveCfg = Release|Any CPU
		{0B7512A5-1B96-409C-A235-6DC9A8D2553D}.Release|Any CPU.Build.0 = Release|Any CPU
	EndGlobalSection
	GlobalSection(SolutionProperties) = preSolution
		HideSolutionNode = FALSE
	EndGlobalSection
	GlobalSection(ExtensibilityGlobals) = postSolution
		SolutionGuid = {AAA88883-FA12-4F6E-A207-3B248F75F95F}
	EndGlobalSection
EndGlobal
